
Microsoft Visual Studio Solution File, Format Version 12.00
# Visual Studio 15
VisualStudioVersion = 15.0.27703.2026
MinimumVisualStudioVersion = 10.0.40219.1
Project("{FAE04EC0-301F-11D3-BF4B-00C04F79EFBC}") = "MahjongDll", "MahjongDll\MahjongDll.csproj", "{159503EA-C5C1-49AE-8BAC-C258E869FF18}"
EndProject
Project("{FAE04EC0-301F-11D3-BF4B-00C04F79EFBC}") = "MahjongTestUnit", "MahjongTestUnit\MahjongTestUnit.csproj", "{BDC46A1D-48F6-43DF-8ABD-96C81BDD48A7}"
EndProject
Project("{FAE04EC0-301F-11D3-BF4B-00C04F79EFBC}") = "MahjongHandAnalyzer", "MahjongHandAnalyzer\MahjongHandAnalyzer.csproj", "{3875F7F2-E2E3-4F17-86D1-50BF7FB46CA3}"
EndProject
Global
	GlobalSection(SolutionConfigurationPlatforms) = preSolution
		Debug|Any CPU = Debug|Any CPU
		Release|Any CPU = Release|Any CPU
	EndGlobalSection
	GlobalSection(ProjectConfigurationPlatforms) = postSolution
		{159503EA-C5C1-49AE-8BAC-C258E869FF18}.Debug|Any CPU.ActiveCfg = Debug|Any CPU
		{159503EA-C5C1-49AE-8BAC-C258E869FF18}.Debug|Any CPU.Build.0 = Debug|Any CPU
		{159503EA-C5C1-49AE-8BAC-C258E869FF18}.Release|Any CPU.ActiveCfg = Release|Any CPU
		{159503EA-C5C1-49AE-8BAC-C258E869FF18}.Release|Any CPU.Build.0 = Release|Any CPU
		{BDC46A1D-48F6-43DF-8ABD-96C81BDD48A7}.Debug|Any CPU.ActiveCfg = Debug|Any CPU
		{BDC46A1D-48F6-43DF-8ABD-96C81BDD48A7}.Debug|Any CPU.Build.0 = Debug|Any CPU
		{BDC46A1D-48F6-43DF-8ABD-96C81BDD48A7}.Release|Any CPU.ActiveCfg = Release|Any CPU
		{BDC46A1D-48F6-43DF-8ABD-96C81BDD48A7}.Release|Any CPU.Build.0 = Release|Any CPU
		{3875F7F2-E2E3-4F17-86D1-50BF7FB46CA3}.Debug|Any CPU.ActiveCfg = Debug|Any CPU
		{3875F7F2-E2E3-4F17-86D1-50BF7FB46CA3}.Debug|Any CPU.Build.0 = Debug|Any CPU
		{3875F7F2-E2E3-4F17-86D1-50BF7FB46CA3}.Release|Any CPU.ActiveCfg = Release|Any CPU
		{3875F7F2-E2E3-4F17-86D1-50BF7FB46CA3}.Release|Any CPU.Build.0 = Release|Any CPU
	EndGlobalSection
	GlobalSection(SolutionProperties) = preSolution
		HideSolutionNode = FALSE
	EndGlobalSection
	GlobalSection(ExtensibilityGlobals) = postSolution
		SolutionGuid = {20ED647F-4036-492D-836D-6B5D768DA3D7}
	EndGlobalSection
EndGlobal
